
Microsoft Visual Studio Solution File, Format Version 12.00
# Visual Studio 15
VisualStudioVersion = 15.0.27004.2002
MinimumVisualStudioVersion = 10.0.40219.1
Project("{FAE04EC0-301F-11D3-BF4B-00C04F79EFBC}") = "Content_Updater", "Content_Updater\Content_Updater.csproj", "{B3A785D2-BBD2-484E-80AA-8EFB8705987F}"
EndProject
Project("{FAE04EC0-301F-11D3-BF4B-00C04F79EFBC}") = "ProductRepository", "ProductRepository\ProductRepository.csproj", "{A78745E7-F099-43F2-8B02-E252D02BC30E}"
EndProject
Project("{FAE04EC0-301F-11D3-BF4B-00C04F79EFBC}") = "DatabaseLayer", "DatabaseLayer\DatabaseLayer.csproj", "{FE937660-6506-4F64-B0D4-73A2FBA5BA52}"
EndProject
Global
	GlobalSection(SolutionConfigurationPlatforms) = preSolution
		Debug|Any CPU = Debug|Any CPU
		Release|Any CPU = Release|Any CPU
	EndGlobalSection
	GlobalSection(ProjectConfigurationPlatforms) = postSolution
		{B3A785D2-BBD2-484E-80AA-8EFB8705987F}.Debug|Any CPU.ActiveCfg = Debug|Any CPU
		{B3A785D2-BBD2-484E-80AA-8EFB8705987F}.Debug|Any CPU.Build.0 = Debug|Any CPU
		{B3A785D2-BBD2-484E-80AA-8EFB8705987F}.Release|Any CPU.ActiveCfg = Release|Any CPU
		{B3A785D2-BBD2-484E-80AA-8EFB8705987F}.Release|Any CPU.Build.0 = Release|Any CPU
		{A78745E7-F099-43F2-8B02-E252D02BC30E}.Debug|Any CPU.ActiveCfg = Debug|Any CPU
		{A78745E7-F099-43F2-8B02-E252D02BC30E}.Debug|Any CPU.Build.0 = Debug|Any CPU
		{A78745E7-F099-43F2-8B02-E252D02BC30E}.Release|Any CPU.ActiveCfg = Release|Any CPU
		{A78745E7-F099-43F2-8B02-E252D02BC30E}.Release|Any CPU.Build.0 = Release|Any CPU
		{FE937660-6506-4F64-B0D4-73A2FBA5BA52}.Debug|Any CPU.ActiveCfg = Debug|Any CPU
		{FE937660-6506-4F64-B0D4-73A2FBA5BA52}.Debug|Any CPU.Build.0 = Debug|Any CPU
		{FE937660-6506-4F64-B0D4-73A2FBA5BA52}.Release|Any CPU.ActiveCfg = Release|Any CPU
		{FE937660-6506-4F64-B0D4-73A2FBA5BA52}.Release|Any CPU.Build.0 = Release|Any CPU
	EndGlobalSection
	GlobalSection(SolutionProperties) = preSolution
		HideSolutionNode = FALSE
	EndGlobalSection
	GlobalSection(ExtensibilityGlobals) = postSolution
		SolutionGuid = {FA6D40EA-7D50-49AF-9111-A8CA94AA216B}
	EndGlobalSection
EndGlobal
