
Microsoft Visual Studio Solution File, Format Version 12.00
# Visual Studio 15
VisualStudioVersion = 15.0.27004.2002
MinimumVisualStudioVersion = 10.0.40219.1
Project("{FAE04EC0-301F-11D3-BF4B-00C04F79EFBC}") = "Content_Updater", "Content_Updater\Content_Updater.csproj", "{B3A785D2-BBD2-484E-80AA-8EFB8705987F}"
EndProject
Project("{FAE04EC0-301F-11D3-BF4B-00C04F79EFBC}") = "ProductRepository", "ProductRepository\ProductRepository.csproj", "{A78745E7-F099-43F2-8B02-E252D02BC30E}"
EndProject
Project("{FAE04EC0-301F-11D3-BF4B-00C04F79EFBC}") = "DatabaseLayer", "DatabaseLayer\DatabaseLayer.csproj", "{FE937660-6506-4F64-B0D4-73A2FBA5BA52}"
EndProject
Project("{FAE04EC0-301F-11D3-BF4B-00C04F79EFBC}") = "Content_UpdaterTests", "Content_UpdaterTests2\Content_UpdaterTests.csproj", "{AF1C7CBF-74C8-453A-96D1-8ECB0310BA37}"
EndProject
Project("{FAE04EC0-301F-11D3-BF4B-00C04F79EFBC}") = "ProductsApi", "ProductsApi\ProductsApi.csproj", "{6DD45C0B-FE8D-48D4-9106-278CF1FE0225}"
EndProject
Project("{FAE04EC0-301F-11D3-BF4B-00C04F79EFBC}") = "ProductsApiTests1", "ProductsApiTests1\ProductsApiTests1.csproj", "{4401A506-8ED6-492C-B52B-795FD92AE95A}"
EndProject
Global
	GlobalSection(SolutionConfigurationPlatforms) = preSolution
		Debug|Any CPU = Debug|Any CPU
		Release|Any CPU = Release|Any CPU
	EndGlobalSection
	GlobalSection(ProjectConfigurationPlatforms) = postSolution
		{B3A785D2-BBD2-484E-80AA-8EFB8705987F}.Debug|Any CPU.ActiveCfg = Debug|Any CPU
		{B3A785D2-BBD2-484E-80AA-8EFB8705987F}.Debug|Any CPU.Build.0 = Debug|Any CPU
		{B3A785D2-BBD2-484E-80AA-8EFB8705987F}.Release|Any CPU.ActiveCfg = Release|Any CPU
		{B3A785D2-BBD2-484E-80AA-8EFB8705987F}.Release|Any CPU.Build.0 = Release|Any CPU
		{A78745E7-F099-43F2-8B02-E252D02BC30E}.Debug|Any CPU.ActiveCfg = Debug|Any CPU
		{A78745E7-F099-43F2-8B02-E252D02BC30E}.Debug|Any CPU.Build.0 = Debug|Any CPU
		{A78745E7-F099-43F2-8B02-E252D02BC30E}.Release|Any CPU.ActiveCfg = Release|Any CPU
		{A78745E7-F099-43F2-8B02-E252D02BC30E}.Release|Any CPU.Build.0 = Release|Any CPU
		{FE937660-6506-4F64-B0D4-73A2FBA5BA52}.Debug|Any CPU.ActiveCfg = Debug|Any CPU
		{FE937660-6506-4F64-B0D4-73A2FBA5BA52}.Debug|Any CPU.Build.0 = Debug|Any CPU
		{FE937660-6506-4F64-B0D4-73A2FBA5BA52}.Release|Any CPU.ActiveCfg = Release|Any CPU
		{FE937660-6506-4F64-B0D4-73A2FBA5BA52}.Release|Any CPU.Build.0 = Release|Any CPU
		{AF1C7CBF-74C8-453A-96D1-8ECB0310BA37}.Debug|Any CPU.ActiveCfg = Debug|Any CPU
		{AF1C7CBF-74C8-453A-96D1-8ECB0310BA37}.Debug|Any CPU.Build.0 = Debug|Any CPU
		{AF1C7CBF-74C8-453A-96D1-8ECB0310BA37}.Release|Any CPU.ActiveCfg = Release|Any CPU
		{AF1C7CBF-74C8-453A-96D1-8ECB0310BA37}.Release|Any CPU.Build.0 = Release|Any CPU
		{6DD45C0B-FE8D-48D4-9106-278CF1FE0225}.Debug|Any CPU.ActiveCfg = Debug|Any CPU
		{6DD45C0B-FE8D-48D4-9106-278CF1FE0225}.Debug|Any CPU.Build.0 = Debug|Any CPU
		{6DD45C0B-FE8D-48D4-9106-278CF1FE0225}.Release|Any CPU.ActiveCfg = Release|Any CPU
		{6DD45C0B-FE8D-48D4-9106-278CF1FE0225}.Release|Any CPU.Build.0 = Release|Any CPU
		{4401A506-8ED6-492C-B52B-795FD92AE95A}.Debug|Any CPU.ActiveCfg = Debug|Any CPU
		{4401A506-8ED6-492C-B52B-795FD92AE95A}.Debug|Any CPU.Build.0 = Debug|Any CPU
		{4401A506-8ED6-492C-B52B-795FD92AE95A}.Release|Any CPU.ActiveCfg = Release|Any CPU
		{4401A506-8ED6-492C-B52B-795FD92AE95A}.Release|Any CPU.Build.0 = Release|Any CPU
	EndGlobalSection
	GlobalSection(SolutionProperties) = preSolution
		HideSolutionNode = FALSE
	EndGlobalSection
	GlobalSection(ExtensibilityGlobals) = postSolution
		SolutionGuid = {FA6D40EA-7D50-49AF-9111-A8CA94AA216B}
	EndGlobalSection
EndGlobal
